
Microsoft Visual Studio Solution File, Format Version 12.00
# Visual Studio Version 17
VisualStudioVersion = 17.12.35514.174 d17.12
MinimumVisualStudioVersion = 10.0.40219.1
Project("{FAE04EC0-301F-11D3-BF4B-00C04F79EFBC}") = "OllamaClient.Windows", "OllamaClient\OllamaClient.Windows.csproj", "{7E1B8F0C-5ADF-45A1-AFBE-AEC9179FCA33}"
EndProject
Project("{FAE04EC0-301F-11D3-BF4B-00C04F79EFBC}") = "Ollama.Data", "Ollama.Data\Ollama.Data.csproj", "{C808A292-5353-464E-AEF0-D76EBD120746}"
EndProject
Project("{FAE04EC0-301F-11D3-BF4B-00C04F79EFBC}") = "Ollama.Core", "Ollama.Core\Ollama.Core.csproj", "{BE1B88E2-79FA-4391-8251-F4289562472D}"
EndProject
Global
	GlobalSection(SolutionConfigurationPlatforms) = preSolution
		Debug|Any CPU = Debug|Any CPU
		Release|Any CPU = Release|Any CPU
	EndGlobalSection
	GlobalSection(ProjectConfigurationPlatforms) = postSolution
		{7E1B8F0C-5ADF-45A1-AFBE-AEC9179FCA33}.Debug|Any CPU.ActiveCfg = Debug|Any CPU
		{7E1B8F0C-5ADF-45A1-AFBE-AEC9179FCA33}.Debug|Any CPU.Build.0 = Debug|Any CPU
		{7E1B8F0C-5ADF-45A1-AFBE-AEC9179FCA33}.Release|Any CPU.ActiveCfg = Release|Any CPU
		{7E1B8F0C-5ADF-45A1-AFBE-AEC9179FCA33}.Release|Any CPU.Build.0 = Release|Any CPU
		{C808A292-5353-464E-AEF0-D76EBD120746}.Debug|Any CPU.ActiveCfg = Debug|Any CPU
		{C808A292-5353-464E-AEF0-D76EBD120746}.Debug|Any CPU.Build.0 = Debug|Any CPU
		{C808A292-5353-464E-AEF0-D76EBD120746}.Release|Any CPU.ActiveCfg = Release|Any CPU
		{C808A292-5353-464E-AEF0-D76EBD120746}.Release|Any CPU.Build.0 = Release|Any CPU
		{BE1B88E2-79FA-4391-8251-F4289562472D}.Debug|Any CPU.ActiveCfg = Debug|Any CPU
		{BE1B88E2-79FA-4391-8251-F4289562472D}.Debug|Any CPU.Build.0 = Debug|Any CPU
		{BE1B88E2-79FA-4391-8251-F4289562472D}.Release|Any CPU.ActiveCfg = Release|Any CPU
		{BE1B88E2-79FA-4391-8251-F4289562472D}.Release|Any CPU.Build.0 = Release|Any CPU
	EndGlobalSection
	GlobalSection(SolutionProperties) = preSolution
		HideSolutionNode = FALSE
	EndGlobalSection
EndGlobal
